
Microsoft Visual Studio Solution File, Format Version 12.00
# Visual Studio Version 17
VisualStudioVersion = 17.0.31912.275
MinimumVisualStudioVersion = 10.0.40219.1
Project("{FAE04EC0-301F-11D3-BF4B-00C04F79EFBC}") = "Day 5 - Part 1 And 2", "Day 5 - Part 1\Day 5 - Part 1 And 2.csproj", "{78212240-D89D-421B-815E-9946FB68DEC2}"
EndProject
Project("{2150E333-8FDC-42A3-9474-1A3956D46DE8}") = "Solution Items", "Solution Items", "{BD0C9DE2-A9BC-4423-A28B-C009E5E6A0F6}"
EndProject
Global
	GlobalSection(SolutionConfigurationPlatforms) = preSolution
		Debug|Any CPU = Debug|Any CPU
		Release|Any CPU = Release|Any CPU
	EndGlobalSection
	GlobalSection(ProjectConfigurationPlatforms) = postSolution
		{78212240-D89D-421B-815E-9946FB68DEC2}.Debug|Any CPU.ActiveCfg = Debug|Any CPU
		{78212240-D89D-421B-815E-9946FB68DEC2}.Debug|Any CPU.Build.0 = Debug|Any CPU
		{78212240-D89D-421B-815E-9946FB68DEC2}.Release|Any CPU.ActiveCfg = Release|Any CPU
		{78212240-D89D-421B-815E-9946FB68DEC2}.Release|Any CPU.Build.0 = Release|Any CPU
	EndGlobalSection
	GlobalSection(SolutionProperties) = preSolution
		HideSolutionNode = FALSE
	EndGlobalSection
	GlobalSection(ExtensibilityGlobals) = postSolution
		SolutionGuid = {AE12771D-B2D9-47F3-99BE-2557AF77950A}
	EndGlobalSection
EndGlobal
